
Microsoft Visual Studio Solution File, Format Version 12.00
# Visual Studio Version 16
VisualStudioVersion = 16.0.32929.386
MinimumVisualStudioVersion = 10.0.40219.1
Project("{FAE04EC0-301F-11D3-BF4B-00C04F79EFBC}") = "getAPIUsers", "getAPIUsers.csproj", "{084379AA-9DA9-4608-BD98-6950C4C56F24}"
EndProject
Global
	GlobalSection(SolutionConfigurationPlatforms) = preSolution
		Debug|Any CPU = Debug|Any CPU
		Release|Any CPU = Release|Any CPU
	EndGlobalSection
	GlobalSection(ProjectConfigurationPlatforms) = postSolution
		{084379AA-9DA9-4608-BD98-6950C4C56F24}.Debug|Any CPU.ActiveCfg = Debug|Any CPU
		{084379AA-9DA9-4608-BD98-6950C4C56F24}.Debug|Any CPU.Build.0 = Debug|Any CPU
		{084379AA-9DA9-4608-BD98-6950C4C56F24}.Release|Any CPU.ActiveCfg = Release|Any CPU
		{084379AA-9DA9-4608-BD98-6950C4C56F24}.Release|Any CPU.Build.0 = Release|Any CPU
	EndGlobalSection
	GlobalSection(SolutionProperties) = preSolution
		HideSolutionNode = FALSE
	EndGlobalSection
	GlobalSection(ExtensibilityGlobals) = postSolution
		SolutionGuid = {1B79F146-1E40-4475-B909-292830F0DC4E}
	EndGlobalSection
EndGlobal
